PODS:
  - Aspects (1.4.1)
  - Expecta (1.0.5)
  - Expecta+Snapshots (3.0.0):
    - Expecta (~> 1.0)
    - FBSnapshotTestCase/Core (~> 2.0)
    - Specta (~> 1.0)
  - FBSnapshotTestCase/Core (2.1.2)
  - GDChannel (0.6.0):
    - Mantle (~> 2.0.6)
    - MQTTKit (~> 0.1.0)
    - Protobuf (~> 3.0)
  - GDDataDrivenView (0.1.0):
    - GDDataDrivenView/Core (= 0.1.0)
    - GDDataDrivenView/Generated (= 0.1.0)
    - GDDataDrivenView/MVP (= 0.1.0)
    - GDDataDrivenView/UIViewController (= 0.1.0)
  - GDDataDrivenView/Core (0.1.0):
    - GDChannel (~> 0.6)
    - GDDataDrivenView/MVP
  - GDDataDrivenView/Generated (0.1.0):
    - Protobuf (~> 3.0)
  - GDDataDrivenView/MVP (0.1.0)
  - GDDataDrivenView/UIViewController (0.1.0):
    - Aspects (~> 1.4.1)
    - GDChannel (~> 0.6)
    - GDDataDrivenView/Generated
    - GDDataDrivenView/MVP
  - Mantle (2.0.7):
    - Mantle/extobjc (= 2.0.7)
  - Mantle/extobjc (2.0.7)
  - MQTTKit (0.1.0)
  - Protobuf (3.0.0)
  - Specta (1.0.5)

DEPENDENCIES:
  - Expecta
  - Expecta+Snapshots
  - GDChannel (from `https://github.com/goodow/GDChannel.git`)
  - GDDataDrivenView (from `../`)
  - Specta

EXTERNAL SOURCES:
  GDChannel:
    :git: https://github.com/goodow/GDChannel.git
  GDDataDrivenView:
    :path: ../

CHECKOUT OPTIONS:
  GDChannel:
    :commit: 1148b350a207c524c49ad0122ce4fb65230a6d72
    :git: https://github.com/goodow/GDChannel.git

SPEC CHECKSUMS:
  Aspects: 7595ba96a6727a58ebcbfc954497fc5d2fdde546
  Expecta: e1c022fcd33910b6be89c291d2775b3fe27a89fe
  Expecta+Snapshots: c343f410c7a6392f3e22e78f94c44b6c0749a516
  FBSnapshotTestCase: 918c55861356ee83aee7843d759f55a18ff6982b
  GDChannel: e26b61a1f156eb4b657516d80d90bdad2db46c56
  GDDataDrivenView: fd8fc27a1c1e55c6284eaa2209ee734ef4f3daa1
  Mantle: bc40bb061d8c2c6fb48d5083e04d928c3b7f73d9
  MQTTKit: a4e6b8aa92db1aeae917d2b773fd72a7749937c4
  Protobuf: c032ce1bdf7a266acfd640fbfd8bdb166127c7f5
  Specta: ac94d110b865115fe60ff2c6d7281053c6f8e8a2

PODFILE CHECKSUM: 19eae2f29ee302412e409736c977a408d65a641e

COCOAPODS: 1.0.1
