PODS:
  - Aspects (1.4.1)
  - Expecta (1.0.5)
  - Expecta+Snapshots (3.0.0):
    - Expecta (~> 1.0)
    - FBSnapshotTestCase/Core (~> 2.0)
    - Specta (~> 1.0)
  - FBSnapshotTestCase/Core (2.1.3)
  - GDChannel (0.6.0):
    - MQTTKit (~> 0.1.0)
    - Protobuf (~> 3.0)
  - GDDataDrivenView (0.1.0):
    - GDDataDrivenView/Generated (= 0.1.0)
    - GDDataDrivenView/Model (= 0.1.0)
    - GDDataDrivenView/MVP (= 0.1.0)
    - GDDataDrivenView/RenderPresenter (= 0.1.0)
    - GDDataDrivenView/ViewControllerPresenter (= 0.1.0)
  - GDDataDrivenView/Generated (0.1.0):
    - Protobuf (~> 3.0)
  - GDDataDrivenView/Model (0.1.0)
  - GDDataDrivenView/MVP (0.1.0)
  - GDDataDrivenView/RenderPresenter (0.1.0):
    - GDChannel (~> 0.6)
    - GDDataDrivenView/MVP
  - GDDataDrivenView/ViewControllerPresenter (0.1.0):
    - Aspects (~> 1.4.1)
    - GDDataDrivenView/Generated
    - GDDataDrivenView/MVP
  - MQTTKit (0.1.0)
  - Protobuf (3.3.0)
  - Specta (1.0.5)

DEPENDENCIES:
  - Expecta
  - Expecta+Snapshots
  - GDChannel (from `https://github.com/goodow/GDChannel.git`)
  - GDDataDrivenView (from `../`)
  - Specta

EXTERNAL SOURCES:
  GDChannel:
    :git: https://github.com/goodow/GDChannel.git
  GDDataDrivenView:
    :path: "../"

CHECKOUT OPTIONS:
  GDChannel:
    :commit: 25aac5093c96a12f7489a59358bdf6327ac6f44f
    :git: https://github.com/goodow/GDChannel.git

SPEC CHECKSUMS:
  Aspects: 7595ba96a6727a58ebcbfc954497fc5d2fdde546
  Expecta: e1c022fcd33910b6be89c291d2775b3fe27a89fe
  Expecta+Snapshots: c343f410c7a6392f3e22e78f94c44b6c0749a516
  FBSnapshotTestCase: 4607968e0dfa1e2772ec0d0098354f8b870c5753
  GDChannel: 8fd65c33feff9cb061e85865ce631f3d59267b34
  GDDataDrivenView: f108087fe571636928f0fbd3a2c2900e333b27b3
  MQTTKit: a4e6b8aa92db1aeae917d2b773fd72a7749937c4
  Protobuf: d582fecf68201eac3d79ed61369ef45734394b9c
  Specta: ac94d110b865115fe60ff2c6d7281053c6f8e8a2

PODFILE CHECKSUM: 19eae2f29ee302412e409736c977a408d65a641e

COCOAPODS: 1.2.0
